
Microsoft Visual Studio Solution File, Format Version 12.00
# Visual Studio Version 17
VisualStudioVersion = 17.1.32328.378
MinimumVisualStudioVersion = 10.0.40219.1
Project("{FAE04EC0-301F-11D3-BF4B-00C04F79EFBC}") = "BaltaDataAccess", "BaltaDataAccess\BaltaDataAccess.csproj", "{B210247E-F5FB-4B68-8F7B-E8703F577617}"
EndProject
Global
	GlobalSection(SolutionConfigurationPlatforms) = preSolution
		Debug|Any CPU = Debug|Any CPU
		Release|Any CPU = Release|Any CPU
	EndGlobalSection
	GlobalSection(ProjectConfigurationPlatforms) = postSolution
		{B210247E-F5FB-4B68-8F7B-E8703F577617}.Debug|Any CPU.ActiveCfg = Debug|Any CPU
		{B210247E-F5FB-4B68-8F7B-E8703F577617}.Debug|Any CPU.Build.0 = Debug|Any CPU
		{B210247E-F5FB-4B68-8F7B-E8703F577617}.Release|Any CPU.ActiveCfg = Release|Any CPU
		{B210247E-F5FB-4B68-8F7B-E8703F577617}.Release|Any CPU.Build.0 = Release|Any CPU
	EndGlobalSection
	GlobalSection(SolutionProperties) = preSolution
		HideSolutionNode = FALSE
	EndGlobalSection
	GlobalSection(ExtensibilityGlobals) = postSolution
		SolutionGuid = {5FD02E10-E488-46D6-A2D5-8E5314B1125D}
	EndGlobalSection
EndGlobal
